
Microsoft Visual Studio Solution File, Format Version 12.00
# Visual Studio Version 16
VisualStudioVersion = 16.0.32630.194
MinimumVisualStudioVersion = 10.0.40219.1
Project("{9A19103F-16F7-4668-BE54-9A1E7A4F7556}") = "MailingList", "MailingList\MailingList.csproj", "{DA6525AF-0AE0-495C-A5BA-F20AD2789790}"
EndProject
Project("{FAE04EC0-301F-11D3-BF4B-00C04F79EFBC}") = "MailingList.Test", "MailingList.Test\MailingList.Test.csproj", "{2D93E5FD-DACD-4C1B-9045-8BDE17252EB1}"
EndProject
Global
	GlobalSection(SolutionConfigurationPlatforms) = preSolution
		Debug|Any CPU = Debug|Any CPU
		Release|Any CPU = Release|Any CPU
	EndGlobalSection
	GlobalSection(ProjectConfigurationPlatforms) = postSolution
		{DA6525AF-0AE0-495C-A5BA-F20AD2789790}.Debug|Any CPU.ActiveCfg = Debug|Any CPU
		{DA6525AF-0AE0-495C-A5BA-F20AD2789790}.Debug|Any CPU.Build.0 = Debug|Any CPU
		{DA6525AF-0AE0-495C-A5BA-F20AD2789790}.Release|Any CPU.ActiveCfg = Release|Any CPU
		{DA6525AF-0AE0-495C-A5BA-F20AD2789790}.Release|Any CPU.Build.0 = Release|Any CPU
		{2D93E5FD-DACD-4C1B-9045-8BDE17252EB1}.Debug|Any CPU.ActiveCfg = Debug|Any CPU
		{2D93E5FD-DACD-4C1B-9045-8BDE17252EB1}.Debug|Any CPU.Build.0 = Debug|Any CPU
		{2D93E5FD-DACD-4C1B-9045-8BDE17252EB1}.Release|Any CPU.ActiveCfg = Release|Any CPU
		{2D93E5FD-DACD-4C1B-9045-8BDE17252EB1}.Release|Any CPU.Build.0 = Release|Any CPU
	EndGlobalSection
	GlobalSection(SolutionProperties) = preSolution
		HideSolutionNode = FALSE
	EndGlobalSection
	GlobalSection(ExtensibilityGlobals) = postSolution
		SolutionGuid = {478AD306-BBFB-43B7-98D4-8BB1986C390C}
	EndGlobalSection
EndGlobal
